<Solution>
  <Folder Name="/src/" />
  <Folder Name="/tests/" />
  <Project Path="src/Ledger.Domain/Ledger.Domain.csproj" />
  <Project Path="src/Ledger.Application/Ledger.Application.csproj" />
  <Project Path="src/Ledger.Infrastructure/Ledger.Infrastructure.csproj" />
  <Project Path="tests/Ledger.Tests/Ledger.Tests.csproj" />
</Solution>
